
Microsoft Visual Studio Solution File, Format Version 12.00
# Visual Studio Version 16
VisualStudioVersion = 16.0.31129.286
MinimumVisualStudioVersion = 10.0.40219.1
Project("{2150E333-8FDC-42A3-9474-1A3956D46DE8}") = "Services", "Services", "{1C34D233-D438-4293-88A8-D4FE50CACE3E}"
EndProject
Project("{2150E333-8FDC-42A3-9474-1A3956D46DE8}") = "Catalog", "Catalog", "{06694A33-0EFF-4713-8D94-40975505F410}"
EndProject
Project("{9A19103F-16F7-4668-BE54-9A1E7A4F7556}") = "Catalog.API", "Services\Catalog\Catalog.API\Catalog.API.csproj", "{D6A8E69C-5211-4FA2-8CE2-A4C544308252}"
EndProject
Project("{E53339B2-1760-4266-BCC7-CA923CBCF16C}") = "docker-compose", "docker-compose.dcproj", "{AC985AF4-5304-4F68-9ED4-DA9EEA2EA54F}"
EndProject
Project("{2150E333-8FDC-42A3-9474-1A3956D46DE8}") = "Basket", "Basket", "{5CD42A12-174C-48F2-8D6C-CC321532717A}"
EndProject
Project("{9A19103F-16F7-4668-BE54-9A1E7A4F7556}") = "Basket.API", "Services\Basket\Basket.API\Basket.API.csproj", "{4BE59D07-CB03-4BEC-AD80-372E7E44BCA7}"
EndProject
Project("{2150E333-8FDC-42A3-9474-1A3956D46DE8}") = "Discount", "Discount", "{D572E287-66C6-4266-9CDA-0AEA227F6135}"
EndProject
Project("{9A19103F-16F7-4668-BE54-9A1E7A4F7556}") = "Discount.API", "Services\Discount\Discount.API\Discount.API.csproj", "{5B1A4A3E-65C6-4061-827A-5904B1C74355}"
EndProject
Project("{2150E333-8FDC-42A3-9474-1A3956D46DE8}") = "Shared", "Shared", "{182B8790-327B-475D-9F51-370F95141037}"
EndProject
Project("{9A19103F-16F7-4668-BE54-9A1E7A4F7556}") = "Discount.Grpc", "Services\Discount\Discount.Grpc\Discount.Grpc.csproj", "{A7397717-890C-461C-A221-53A790674FD8}"
EndProject
Project("{2150E333-8FDC-42A3-9474-1A3956D46DE8}") = "Ordering", "Ordering", "{1E14A9D4-D295-4AA2-A5CD-C5C70D1D109F}"
EndProject
Project("{9A19103F-16F7-4668-BE54-9A1E7A4F7556}") = "Ordering.API", "Services\Ordering\Ordering.API\Ordering.API.csproj", "{27247F24-9BE6-4D89-9374-71DE28D048B6}"
EndProject
Project("{9A19103F-16F7-4668-BE54-9A1E7A4F7556}") = "Ordering.Domain", "Services\Ordering\Ordering.Domain\Ordering.Domain.csproj", "{92BDA34F-A6C1-46CB-9F33-5D2A7475F519}"
EndProject
Project("{9A19103F-16F7-4668-BE54-9A1E7A4F7556}") = "Ordering.Infrastructure", "Services\Ordering\Ordering.Infrastructure\Ordering.Infrastructure.csproj", "{4C3D5826-BB75-443A-9188-00A0CB101A32}"
EndProject
Project("{9A19103F-16F7-4668-BE54-9A1E7A4F7556}") = "Ordering.Application", "Services\Ordering\Ordering.Application\Ordering.Application.csproj", "{B5D83A05-6F41-4D79-B13B-9134BBE4B189}"
EndProject
Project("{9A19103F-16F7-4668-BE54-9A1E7A4F7556}") = "Shared", "Services\Shared\Shared.csproj", "{F7021D7E-99A7-48AA-A6D0-379CE0BEF8CA}"
EndProject
Project("{2150E333-8FDC-42A3-9474-1A3956D46DE8}") = "BuildingBlocks", "BuildingBlocks", "{D22067B7-F8B9-44C3-89E3-AC54ABED0D21}"
EndProject
Project("{9A19103F-16F7-4668-BE54-9A1E7A4F7556}") = "EventBus.Messages", "BuildingBlocks\EventBus.Messages\EventBus.Messages.csproj", "{A6100171-831A-47CF-95EE-8D56771E8703}"
EndProject
Project("{2150E333-8FDC-42A3-9474-1A3956D46DE8}") = "ApiGateways", "ApiGateways", "{F3764A66-29EB-4B7E-9E81-726403B39EC0}"
EndProject
Project("{9A19103F-16F7-4668-BE54-9A1E7A4F7556}") = "OcelotApiGateway", "ApiGateways\OcelotApiGateway\OcelotApiGateway.csproj", "{0E3DEF41-40A1-4B31-8FDA-1B7D446ABA19}"
EndProject
Project("{FAE04EC0-301F-11D3-BF4B-00C04F79EFBC}") = "Shopping.Aggregator", "ApiGateways\Shopping.Aggregator\Shopping.Aggregator.csproj", "{E992ADD7-9005-4D8B-826F-01D85FE99BD1}"
EndProject
Global
	GlobalSection(SolutionConfigurationPlatforms) = preSolution
		Debug|Any CPU = Debug|Any CPU
		Release|Any CPU = Release|Any CPU
	EndGlobalSection
	GlobalSection(ProjectConfigurationPlatforms) = postSolution
		{D6A8E69C-5211-4FA2-8CE2-A4C544308252}.Debug|Any CPU.ActiveCfg = Debug|Any CPU
		{D6A8E69C-5211-4FA2-8CE2-A4C544308252}.Debug|Any CPU.Build.0 = Debug|Any CPU
		{D6A8E69C-5211-4FA2-8CE2-A4C544308252}.Release|Any CPU.ActiveCfg = Release|Any CPU
		{D6A8E69C-5211-4FA2-8CE2-A4C544308252}.Release|Any CPU.Build.0 = Release|Any CPU
		{AC985AF4-5304-4F68-9ED4-DA9EEA2EA54F}.Debug|Any CPU.ActiveCfg = Debug|Any CPU
		{AC985AF4-5304-4F68-9ED4-DA9EEA2EA54F}.Debug|Any CPU.Build.0 = Debug|Any CPU
		{AC985AF4-5304-4F68-9ED4-DA9EEA2EA54F}.Release|Any CPU.ActiveCfg = Release|Any CPU
		{AC985AF4-5304-4F68-9ED4-DA9EEA2EA54F}.Release|Any CPU.Build.0 = Release|Any CPU
		{4BE59D07-CB03-4BEC-AD80-372E7E44BCA7}.Debug|Any CPU.ActiveCfg = Debug|Any CPU
		{4BE59D07-CB03-4BEC-AD80-372E7E44BCA7}.Debug|Any CPU.Build.0 = Debug|Any CPU
		{4BE59D07-CB03-4BEC-AD80-372E7E44BCA7}.Release|Any CPU.ActiveCfg = Release|Any CPU
		{4BE59D07-CB03-4BEC-AD80-372E7E44BCA7}.Release|Any CPU.Build.0 = Release|Any CPU
		{5B1A4A3E-65C6-4061-827A-5904B1C74355}.Debug|Any CPU.ActiveCfg = Debug|Any CPU
		{5B1A4A3E-65C6-4061-827A-5904B1C74355}.Debug|Any CPU.Build.0 = Debug|Any CPU
		{5B1A4A3E-65C6-4061-827A-5904B1C74355}.Release|Any CPU.ActiveCfg = Release|Any CPU
		{5B1A4A3E-65C6-4061-827A-5904B1C74355}.Release|Any CPU.Build.0 = Release|Any CPU
		{A7397717-890C-461C-A221-53A790674FD8}.Debug|Any CPU.ActiveCfg = Debug|Any CPU
		{A7397717-890C-461C-A221-53A790674FD8}.Debug|Any CPU.Build.0 = Debug|Any CPU
		{A7397717-890C-461C-A221-53A790674FD8}.Release|Any CPU.ActiveCfg = Release|Any CPU
		{A7397717-890C-461C-A221-53A790674FD8}.Release|Any CPU.Build.0 = Release|Any CPU
		{27247F24-9BE6-4D89-9374-71DE28D048B6}.Debug|Any CPU.ActiveCfg = Debug|Any CPU
		{27247F24-9BE6-4D89-9374-71DE28D048B6}.Debug|Any CPU.Build.0 = Debug|Any CPU
		{27247F24-9BE6-4D89-9374-71DE28D048B6}.Release|Any CPU.ActiveCfg = Release|Any CPU
		{27247F24-9BE6-4D89-9374-71DE28D048B6}.Release|Any CPU.Build.0 = Release|Any CPU
		{92BDA34F-A6C1-46CB-9F33-5D2A7475F519}.Debug|Any CPU.ActiveCfg = Debug|Any CPU
		{92BDA34F-A6C1-46CB-9F33-5D2A7475F519}.Debug|Any CPU.Build.0 = Debug|Any CPU
		{92BDA34F-A6C1-46CB-9F33-5D2A7475F519}.Release|Any CPU.ActiveCfg = Release|Any CPU
		{92BDA34F-A6C1-46CB-9F33-5D2A7475F519}.Release|Any CPU.Build.0 = Release|Any CPU
		{4C3D5826-BB75-443A-9188-00A0CB101A32}.Debug|Any CPU.ActiveCfg = Debug|Any CPU
		{4C3D5826-BB75-443A-9188-00A0CB101A32}.Debug|Any CPU.Build.0 = Debug|Any CPU
		{4C3D5826-BB75-443A-9188-00A0CB101A32}.Release|Any CPU.ActiveCfg = Release|Any CPU
		{4C3D5826-BB75-443A-9188-00A0CB101A32}.Release|Any CPU.Build.0 = Release|Any CPU
		{B5D83A05-6F41-4D79-B13B-9134BBE4B189}.Debug|Any CPU.ActiveCfg = Debug|Any CPU
		{B5D83A05-6F41-4D79-B13B-9134BBE4B189}.Debug|Any CPU.Build.0 = Debug|Any CPU
		{B5D83A05-6F41-4D79-B13B-9134BBE4B189}.Release|Any CPU.ActiveCfg = Release|Any CPU
		{B5D83A05-6F41-4D79-B13B-9134BBE4B189}.Release|Any CPU.Build.0 = Release|Any CPU
		{F7021D7E-99A7-48AA-A6D0-379CE0BEF8CA}.Debug|Any CPU.ActiveCfg = Debug|Any CPU
		{F7021D7E-99A7-48AA-A6D0-379CE0BEF8CA}.Debug|Any CPU.Build.0 = Debug|Any CPU
		{F7021D7E-99A7-48AA-A6D0-379CE0BEF8CA}.Release|Any CPU.ActiveCfg = Release|Any CPU
		{F7021D7E-99A7-48AA-A6D0-379CE0BEF8CA}.Release|Any CPU.Build.0 = Release|Any CPU
		{A6100171-831A-47CF-95EE-8D56771E8703}.Debug|Any CPU.ActiveCfg = Debug|Any CPU
		{A6100171-831A-47CF-95EE-8D56771E8703}.Debug|Any CPU.Build.0 = Debug|Any CPU
		{A6100171-831A-47CF-95EE-8D56771E8703}.Release|Any CPU.ActiveCfg = Release|Any CPU
		{A6100171-831A-47CF-95EE-8D56771E8703}.Release|Any CPU.Build.0 = Release|Any CPU
		{0E3DEF41-40A1-4B31-8FDA-1B7D446ABA19}.Debug|Any CPU.ActiveCfg = Debug|Any CPU
		{0E3DEF41-40A1-4B31-8FDA-1B7D446ABA19}.Debug|Any CPU.Build.0 = Debug|Any CPU
		{0E3DEF41-40A1-4B31-8FDA-1B7D446ABA19}.Release|Any CPU.ActiveCfg = Release|Any CPU
		{0E3DEF41-40A1-4B31-8FDA-1B7D446ABA19}.Release|Any CPU.Build.0 = Release|Any CPU
		{E992ADD7-9005-4D8B-826F-01D85FE99BD1}.Debug|Any CPU.ActiveCfg = Debug|Any CPU
		{E992ADD7-9005-4D8B-826F-01D85FE99BD1}.Debug|Any CPU.Build.0 = Debug|Any CPU
		{E992ADD7-9005-4D8B-826F-01D85FE99BD1}.Release|Any CPU.ActiveCfg = Release|Any CPU
		{E992ADD7-9005-4D8B-826F-01D85FE99BD1}.Release|Any CPU.Build.0 = Release|Any CPU
	EndGlobalSection
	GlobalSection(SolutionProperties) = preSolution
		HideSolutionNode = FALSE
	EndGlobalSection
	GlobalSection(NestedProjects) = preSolution
		{06694A33-0EFF-4713-8D94-40975505F410} = {1C34D233-D438-4293-88A8-D4FE50CACE3E}
		{D6A8E69C-5211-4FA2-8CE2-A4C544308252} = {06694A33-0EFF-4713-8D94-40975505F410}
		{5CD42A12-174C-48F2-8D6C-CC321532717A} = {1C34D233-D438-4293-88A8-D4FE50CACE3E}
		{4BE59D07-CB03-4BEC-AD80-372E7E44BCA7} = {5CD42A12-174C-48F2-8D6C-CC321532717A}
		{D572E287-66C6-4266-9CDA-0AEA227F6135} = {1C34D233-D438-4293-88A8-D4FE50CACE3E}
		{5B1A4A3E-65C6-4061-827A-5904B1C74355} = {D572E287-66C6-4266-9CDA-0AEA227F6135}
		{182B8790-327B-475D-9F51-370F95141037} = {1C34D233-D438-4293-88A8-D4FE50CACE3E}
		{A7397717-890C-461C-A221-53A790674FD8} = {D572E287-66C6-4266-9CDA-0AEA227F6135}
		{1E14A9D4-D295-4AA2-A5CD-C5C70D1D109F} = {1C34D233-D438-4293-88A8-D4FE50CACE3E}
		{27247F24-9BE6-4D89-9374-71DE28D048B6} = {1E14A9D4-D295-4AA2-A5CD-C5C70D1D109F}
		{92BDA34F-A6C1-46CB-9F33-5D2A7475F519} = {1E14A9D4-D295-4AA2-A5CD-C5C70D1D109F}
		{4C3D5826-BB75-443A-9188-00A0CB101A32} = {1E14A9D4-D295-4AA2-A5CD-C5C70D1D109F}
		{B5D83A05-6F41-4D79-B13B-9134BBE4B189} = {1E14A9D4-D295-4AA2-A5CD-C5C70D1D109F}
		{F7021D7E-99A7-48AA-A6D0-379CE0BEF8CA} = {182B8790-327B-475D-9F51-370F95141037}
		{A6100171-831A-47CF-95EE-8D56771E8703} = {D22067B7-F8B9-44C3-89E3-AC54ABED0D21}
		{0E3DEF41-40A1-4B31-8FDA-1B7D446ABA19} = {F3764A66-29EB-4B7E-9E81-726403B39EC0}
		{E992ADD7-9005-4D8B-826F-01D85FE99BD1} = {F3764A66-29EB-4B7E-9E81-726403B39EC0}
	EndGlobalSection
	GlobalSection(ExtensibilityGlobals) = postSolution
		SolutionGuid = {ABEA4BBD-AB5F-4AE4-8BEF-126830D987EB}
	EndGlobalSection
EndGlobal
