
Microsoft Visual Studio Solution File, Format Version 12.00
# Visual Studio Version 16
VisualStudioVersion = 16.0.31129.286
MinimumVisualStudioVersion = 10.0.40219.1
Project("{2150E333-8FDC-42A3-9474-1A3956D46DE8}") = "Services", "Services", "{1C34D233-D438-4293-88A8-D4FE50CACE3E}"
EndProject
Project("{2150E333-8FDC-42A3-9474-1A3956D46DE8}") = "Catalog", "Catalog", "{06694A33-0EFF-4713-8D94-40975505F410}"
EndProject
Project("{9A19103F-16F7-4668-BE54-9A1E7A4F7556}") = "Catalog.API", "Services\Catalog\Catalog.API\Catalog.API.csproj", "{D6A8E69C-5211-4FA2-8CE2-A4C544308252}"
EndProject
Project("{E53339B2-1760-4266-BCC7-CA923CBCF16C}") = "docker-compose", "docker-compose.dcproj", "{AC985AF4-5304-4F68-9ED4-DA9EEA2EA54F}"
EndProject
Project("{2150E333-8FDC-42A3-9474-1A3956D46DE8}") = "Basket", "Basket", "{5CD42A12-174C-48F2-8D6C-CC321532717A}"
EndProject
Project("{9A19103F-16F7-4668-BE54-9A1E7A4F7556}") = "Basket.API", "Services\Basket\Basket.API\Basket.API.csproj", "{4BE59D07-CB03-4BEC-AD80-372E7E44BCA7}"
EndProject
Project("{2150E333-8FDC-42A3-9474-1A3956D46DE8}") = "Discount", "Discount", "{D572E287-66C6-4266-9CDA-0AEA227F6135}"
EndProject
Project("{9A19103F-16F7-4668-BE54-9A1E7A4F7556}") = "Discount.API", "Services\Discount\Discount.API\Discount.API.csproj", "{5B1A4A3E-65C6-4061-827A-5904B1C74355}"
EndProject
Project("{2150E333-8FDC-42A3-9474-1A3956D46DE8}") = "Shared", "Shared", "{182B8790-327B-475D-9F51-370F95141037}"
EndProject
Project("{9A19103F-16F7-4668-BE54-9A1E7A4F7556}") = "Shared", "Services\Shared\Shared\Shared.csproj", "{4BC92BA1-250F-4990-8117-87AA3783FA30}"
EndProject
Global
	GlobalSection(SolutionConfigurationPlatforms) = preSolution
		Debug|Any CPU = Debug|Any CPU
		Release|Any CPU = Release|Any CPU
	EndGlobalSection
	GlobalSection(ProjectConfigurationPlatforms) = postSolution
		{D6A8E69C-5211-4FA2-8CE2-A4C544308252}.Debug|Any CPU.ActiveCfg = Debug|Any CPU
		{D6A8E69C-5211-4FA2-8CE2-A4C544308252}.Debug|Any CPU.Build.0 = Debug|Any CPU
		{D6A8E69C-5211-4FA2-8CE2-A4C544308252}.Release|Any CPU.ActiveCfg = Release|Any CPU
		{D6A8E69C-5211-4FA2-8CE2-A4C544308252}.Release|Any CPU.Build.0 = Release|Any CPU
		{AC985AF4-5304-4F68-9ED4-DA9EEA2EA54F}.Debug|Any CPU.ActiveCfg = Debug|Any CPU
		{AC985AF4-5304-4F68-9ED4-DA9EEA2EA54F}.Debug|Any CPU.Build.0 = Debug|Any CPU
		{AC985AF4-5304-4F68-9ED4-DA9EEA2EA54F}.Release|Any CPU.ActiveCfg = Release|Any CPU
		{AC985AF4-5304-4F68-9ED4-DA9EEA2EA54F}.Release|Any CPU.Build.0 = Release|Any CPU
		{4BE59D07-CB03-4BEC-AD80-372E7E44BCA7}.Debug|Any CPU.ActiveCfg = Debug|Any CPU
		{4BE59D07-CB03-4BEC-AD80-372E7E44BCA7}.Debug|Any CPU.Build.0 = Debug|Any CPU
		{4BE59D07-CB03-4BEC-AD80-372E7E44BCA7}.Release|Any CPU.ActiveCfg = Release|Any CPU
		{4BE59D07-CB03-4BEC-AD80-372E7E44BCA7}.Release|Any CPU.Build.0 = Release|Any CPU
		{5B1A4A3E-65C6-4061-827A-5904B1C74355}.Debug|Any CPU.ActiveCfg = Debug|Any CPU
		{5B1A4A3E-65C6-4061-827A-5904B1C74355}.Debug|Any CPU.Build.0 = Debug|Any CPU
		{5B1A4A3E-65C6-4061-827A-5904B1C74355}.Release|Any CPU.ActiveCfg = Release|Any CPU
		{5B1A4A3E-65C6-4061-827A-5904B1C74355}.Release|Any CPU.Build.0 = Release|Any CPU
		{4BC92BA1-250F-4990-8117-87AA3783FA30}.Debug|Any CPU.ActiveCfg = Debug|Any CPU
		{4BC92BA1-250F-4990-8117-87AA3783FA30}.Debug|Any CPU.Build.0 = Debug|Any CPU
		{4BC92BA1-250F-4990-8117-87AA3783FA30}.Release|Any CPU.ActiveCfg = Release|Any CPU
		{4BC92BA1-250F-4990-8117-87AA3783FA30}.Release|Any CPU.Build.0 = Release|Any CPU
	EndGlobalSection
	GlobalSection(SolutionProperties) = preSolution
		HideSolutionNode = FALSE
	EndGlobalSection
	GlobalSection(NestedProjects) = preSolution
		{06694A33-0EFF-4713-8D94-40975505F410} = {1C34D233-D438-4293-88A8-D4FE50CACE3E}
		{D6A8E69C-5211-4FA2-8CE2-A4C544308252} = {06694A33-0EFF-4713-8D94-40975505F410}
		{5CD42A12-174C-48F2-8D6C-CC321532717A} = {1C34D233-D438-4293-88A8-D4FE50CACE3E}
		{4BE59D07-CB03-4BEC-AD80-372E7E44BCA7} = {5CD42A12-174C-48F2-8D6C-CC321532717A}
		{D572E287-66C6-4266-9CDA-0AEA227F6135} = {1C34D233-D438-4293-88A8-D4FE50CACE3E}
		{5B1A4A3E-65C6-4061-827A-5904B1C74355} = {D572E287-66C6-4266-9CDA-0AEA227F6135}
		{182B8790-327B-475D-9F51-370F95141037} = {1C34D233-D438-4293-88A8-D4FE50CACE3E}
		{4BC92BA1-250F-4990-8117-87AA3783FA30} = {182B8790-327B-475D-9F51-370F95141037}
	EndGlobalSection
	GlobalSection(ExtensibilityGlobals) = postSolution
		SolutionGuid = {ABEA4BBD-AB5F-4AE4-8BEF-126830D987EB}
	EndGlobalSection
EndGlobal
